
Microsoft Visual Studio Solution File, Format Version 12.00
# Visual Studio 14
VisualStudioVersion = 14.0.25420.1
MinimumVisualStudioVersion = 10.0.40219.1
Project("{2150E333-8FDC-42A3-9474-1A3956D46DE8}") = "src", "src", "{5C663AC0-FB02-4D09-92A1-EDCB9069D9F6}"
EndProject
Project("{2150E333-8FDC-42A3-9474-1A3956D46DE8}") = "Solution Items", "Solution Items", "{1716D5B2-D49A-4E08-82FA-7C341482B002}"
	ProjectSection(SolutionItems) = preProject
		global.json = global.json
	EndProjectSection
EndProject
Project("{8BB2217D-0F2D-49D1-97BC-3654ED321F3B}") = "Kodelapan.TagHelpers", "src\Kodelapan.Taghelper\Kodelapan.TagHelpers.xproj", "{F1B410B1-09AB-47BE-9122-7D9D34A40529}"
EndProject
Project("{8BB2217D-0F2D-49D1-97BC-3654ED321F3B}") = "Kodelapan.BootstrapTagHelper", "src\TagHelperSamples.Bootstrap\Kodelapan.BootstrapTagHelper.xproj", "{C97DB0CF-C2DD-48A3-8665-DCE56B831393}"
EndProject
Global
	GlobalSection(SolutionConfigurationPlatforms) = preSolution
		Debug|Any CPU = Debug|Any CPU
		Release|Any CPU = Release|Any CPU
	EndGlobalSection
	GlobalSection(ProjectConfigurationPlatforms) = postSolution
		{F1B410B1-09AB-47BE-9122-7D9D34A40529}.Debug|Any CPU.ActiveCfg = Debug|Any CPU
		{F1B410B1-09AB-47BE-9122-7D9D34A40529}.Debug|Any CPU.Build.0 = Debug|Any CPU
		{F1B410B1-09AB-47BE-9122-7D9D34A40529}.Release|Any CPU.ActiveCfg = Release|Any CPU
		{F1B410B1-09AB-47BE-9122-7D9D34A40529}.Release|Any CPU.Build.0 = Release|Any CPU
		{C97DB0CF-C2DD-48A3-8665-DCE56B831393}.Debug|Any CPU.ActiveCfg = Debug|Any CPU
		{C97DB0CF-C2DD-48A3-8665-DCE56B831393}.Debug|Any CPU.Build.0 = Debug|Any CPU
		{C97DB0CF-C2DD-48A3-8665-DCE56B831393}.Release|Any CPU.ActiveCfg = Release|Any CPU
		{C97DB0CF-C2DD-48A3-8665-DCE56B831393}.Release|Any CPU.Build.0 = Release|Any CPU
	EndGlobalSection
	GlobalSection(SolutionProperties) = preSolution
		HideSolutionNode = FALSE
	EndGlobalSection
	GlobalSection(NestedProjects) = preSolution
		{F1B410B1-09AB-47BE-9122-7D9D34A40529} = {5C663AC0-FB02-4D09-92A1-EDCB9069D9F6}
	EndGlobalSection
EndGlobal
